
Microsoft Visual Studio Solution File, Format Version 12.00
# Visual Studio Version 16
VisualStudioVersion = 16.0.31424.327
MinimumVisualStudioVersion = 10.0.40219.1
Project("{FAE04EC0-301F-11D3-BF4B-00C04F79EFBC}") = "GymVideo", "GymVideo\GymVideo.csproj", "{6229520A-9713-420F-92A0-DB2051547C64}"
EndProject
Project("{54435603-DBB4-11D2-8724-00A0C9A8B90C}") = "Setup1", "Setup1\Setup1.vdproj", "{4512C10C-8645-4BA0-AAC8-10D839EB1BC8}"
EndProject
Project("{54435603-DBB4-11D2-8724-00A0C9A8B90C}") = "Setup2", "Setup2\Setup2.vdproj", "{A4BEFFFF-C983-49E9-8C92-B187C6799D69}"
EndProject
Global
	GlobalSection(SolutionConfigurationPlatforms) = preSolution
		Debug|Any CPU = Debug|Any CPU
		Release|Any CPU = Release|Any CPU
	EndGlobalSection
	GlobalSection(ProjectConfigurationPlatforms) = postSolution
		{6229520A-9713-420F-92A0-DB2051547C64}.Debug|Any CPU.ActiveCfg = Debug|Any CPU
		{6229520A-9713-420F-92A0-DB2051547C64}.Debug|Any CPU.Build.0 = Debug|Any CPU
		{6229520A-9713-420F-92A0-DB2051547C64}.Release|Any CPU.ActiveCfg = Release|Any CPU
		{6229520A-9713-420F-92A0-DB2051547C64}.Release|Any CPU.Build.0 = Release|Any CPU
		{4512C10C-8645-4BA0-AAC8-10D839EB1BC8}.Debug|Any CPU.ActiveCfg = Debug
		{4512C10C-8645-4BA0-AAC8-10D839EB1BC8}.Release|Any CPU.ActiveCfg = Release
		{A4BEFFFF-C983-49E9-8C92-B187C6799D69}.Debug|Any CPU.ActiveCfg = Debug
		{A4BEFFFF-C983-49E9-8C92-B187C6799D69}.Release|Any CPU.ActiveCfg = Release
	EndGlobalSection
	GlobalSection(SolutionProperties) = preSolution
		HideSolutionNode = FALSE
	EndGlobalSection
	GlobalSection(ExtensibilityGlobals) = postSolution
		SolutionGuid = {98445473-321F-46CF-8B4E-5DD938C3D735}
	EndGlobalSection
EndGlobal
